Microsoft Visual Studio Solution File, Format Version 12.00
# Visual Studio Version 16
VisualStudioVersion = 16.0.30621.155
MinimumVisualStudioVersion = 10.0.40219.1
Project("{9A19103F-16F7-4668-BE54-9A1E7A4F7556}") = "DownLoadMP3", "DownLoadMP3\DownLoadMP3.csproj", "{3474F32C-635B-419B-A180-171BC71BB5D1}"
EndProject
Project("{9A19103F-16F7-4668-BE54-9A1E7A4F7556}") = "WebUI", "WebUI\WebUI.csproj", "{2B106450-B37F-4C34-A35B-FB91388EDBB6}"
EndProject
Project("{FAE04EC0-301F-11D3-BF4B-00C04F79EFBC}") = "Downloader", "Downloader\Downloader.csproj", "{E2C8CEE2-724D-42FD-ABD9-1217F8155AF1}"
EndProject
Global
	GlobalSection(SolutionConfigurationPlatforms) = preSolution
		Debug|Any CPU = Debug|Any CPU
		Release|Any CPU = Release|Any CPU
	EndGlobalSection
	GlobalSection(ProjectConfigurationPlatforms) = postSolution
		{3474F32C-635B-419B-A180-171BC71BB5D1}.Debug|Any CPU.ActiveCfg = Debug|Any CPU
		{3474F32C-635B-419B-A180-171BC71BB5D1}.Debug|Any CPU.Build.0 = Debug|Any CPU
		{3474F32C-635B-419B-A180-171BC71BB5D1}.Release|Any CPU.ActiveCfg = Release|Any CPU
		{3474F32C-635B-419B-A180-171BC71BB5D1}.Release|Any CPU.Build.0 = Release|Any CPU
		{2B106450-B37F-4C34-A35B-FB91388EDBB6}.Debug|Any CPU.ActiveCfg = Debug|Any CPU
		{2B106450-B37F-4C34-A35B-FB91388EDBB6}.Debug|Any CPU.Build.0 = Debug|Any CPU
		{2B106450-B37F-4C34-A35B-FB91388EDBB6}.Release|Any CPU.ActiveCfg = Release|Any CPU
		{2B106450-B37F-4C34-A35B-FB91388EDBB6}.Release|Any CPU.Build.0 = Release|Any CPU
		{E2C8CEE2-724D-42FD-ABD9-1217F8155AF1}.Debug|Any CPU.ActiveCfg = Debug|Any CPU
		{E2C8CEE2-724D-42FD-ABD9-1217F8155AF1}.Debug|Any CPU.Build.0 = Debug|Any CPU
		{E2C8CEE2-724D-42FD-ABD9-1217F8155AF1}.Release|Any CPU.ActiveCfg = Release|Any CPU
		{E2C8CEE2-724D-42FD-ABD9-1217F8155AF1}.Release|Any CPU.Build.0 = Release|Any CPU
	EndGlobalSection
	GlobalSection(SolutionProperties) = preSolution
		HideSolutionNode = FALSE
	EndGlobalSection
	GlobalSection(ExtensibilityGlobals) = postSolution
		SolutionGuid = {C7F5493B-E06D-4537-9663-74744753111D}
	EndGlobalSection
EndGlobal
